
Microsoft Visual Studio Solution File, Format Version 12.00
# Visual Studio Version 17
VisualStudioVersion = 17.4.33122.133
MinimumVisualStudioVersion = 10.0.40219.1
Project("{FAE04EC0-301F-11D3-BF4B-00C04F79EFBC}") = "WebApp", "WebApp.csproj", "{4F973E87-4A8F-4071-A0DA-B079E4D03274}"
EndProject
Global
	GlobalSection(SolutionConfigurationPlatforms) = preSolution
		Debug|Any CPU = Debug|Any CPU
		Release|Any CPU = Release|Any CPU
	EndGlobalSection
	GlobalSection(ProjectConfigurationPlatforms) = postSolution
		{4F973E87-4A8F-4071-A0DA-B079E4D03274}.Debug|Any CPU.ActiveCfg = Debug|Any CPU
		{4F973E87-4A8F-4071-A0DA-B079E4D03274}.Debug|Any CPU.Build.0 = Debug|Any CPU
		{4F973E87-4A8F-4071-A0DA-B079E4D03274}.Release|Any CPU.ActiveCfg = Release|Any CPU
		{4F973E87-4A8F-4071-A0DA-B079E4D03274}.Release|Any CPU.Build.0 = Release|Any CPU
	EndGlobalSection
	GlobalSection(SolutionProperties) = preSolution
		HideSolutionNode = FALSE
	EndGlobalSection
	GlobalSection(ExtensibilityGlobals) = postSolution
		SolutionGuid = {939F9158-DBCE-4E24-AF16-A2A773EE9AFF}
	EndGlobalSection
EndGlobal
